
Microsoft Visual Studio Solution File, Format Version 12.00
# Visual Studio Version 17
VisualStudioVersion = 17.1.32328.378
MinimumVisualStudioVersion = 10.0.40219.1
Project("{FAE04EC0-301F-11D3-BF4B-00C04F79EFBC}") = "CyberGameManage", "CyberGameManage\CyberGameManage.csproj", "{8957CEE2-CA7C-419E-A7E8-53618396A8BD}"
EndProject
Project("{840C416C-B8F3-42BC-B0DD-F6BB14C9F8CB}") = "CyberGameSetup", "CyberGameSetup\CyberGameSetup.aiproj", "{12A4B61E-6862-48D5-BE4C-9B033F13CB25}"
EndProject
Global
	GlobalSection(SolutionConfigurationPlatforms) = preSolution
		All|Any CPU = All|Any CPU
		Debug|Any CPU = Debug|Any CPU
		Release|Any CPU = Release|Any CPU
	EndGlobalSection
	GlobalSection(ProjectConfigurationPlatforms) = postSolution
		{8957CEE2-CA7C-419E-A7E8-53618396A8BD}.All|Any CPU.ActiveCfg = Release|Any CPU
		{8957CEE2-CA7C-419E-A7E8-53618396A8BD}.All|Any CPU.Build.0 = Release|Any CPU
		{8957CEE2-CA7C-419E-A7E8-53618396A8BD}.Debug|Any CPU.ActiveCfg = Debug|Any CPU
		{8957CEE2-CA7C-419E-A7E8-53618396A8BD}.Debug|Any CPU.Build.0 = Debug|Any CPU
		{8957CEE2-CA7C-419E-A7E8-53618396A8BD}.Release|Any CPU.ActiveCfg = Release|Any CPU
		{8957CEE2-CA7C-419E-A7E8-53618396A8BD}.Release|Any CPU.Build.0 = Release|Any CPU
		{12A4B61E-6862-48D5-BE4C-9B033F13CB25}.All|Any CPU.ActiveCfg = DefaultBuild
		{12A4B61E-6862-48D5-BE4C-9B033F13CB25}.All|Any CPU.Build.0 = DefaultBuild
		{12A4B61E-6862-48D5-BE4C-9B033F13CB25}.Debug|Any CPU.ActiveCfg = DefaultBuild
		{12A4B61E-6862-48D5-BE4C-9B033F13CB25}.Debug|Any CPU.Build.0 = DefaultBuild
		{12A4B61E-6862-48D5-BE4C-9B033F13CB25}.Release|Any CPU.ActiveCfg = DefaultBuild
		{12A4B61E-6862-48D5-BE4C-9B033F13CB25}.Release|Any CPU.Build.0 = DefaultBuild
	EndGlobalSection
	GlobalSection(SolutionProperties) = preSolution
		HideSolutionNode = FALSE
	EndGlobalSection
	GlobalSection(ExtensibilityGlobals) = postSolution
		SolutionGuid = {2D7FE776-95EE-4378-A5C7-4B0B1719CBCF}
	EndGlobalSection
EndGlobal
